schema: '2.0'
stages:
  load_save_data:
    cmd: python src/stage_01_load_save.py
    deps:
    - path: src/stage_01_load_save.py
      md5: 6cfdbc34130f6eadfb165e3ee78e9736
      size: 454
    - path: src/utils/all_utils.py
      md5: 85e203d687f6afedb0a1b875469e622a
      size: 1093
    outs:
    - path: artifacts/raw_data/raw_data.csv
      md5: 7d814a1bda02145efe703f4e1c01847a
      size: 93599
